
Microsoft Visual Studio Solution File, Format Version 12.00
# Visual Studio 15
VisualStudioVersion = 15.0.27004.2009
MinimumVisualStudioVersion = 10.0.40219.1
Project("{FAE04EC0-301F-11D3-BF4B-00C04F79EFBC}") = "section3-17", "section3-17\section3-17.csproj", "{50C88699-166F-433E-B02B-83D19765FB0D}"
EndProject
Global
	GlobalSection(SolutionConfigurationPlatforms) = preSolution
		Debug|Any CPU = Debug|Any CPU
		Release|Any CPU = Release|Any CPU
	EndGlobalSection
	GlobalSection(ProjectConfigurationPlatforms) = postSolution
		{50C88699-166F-433E-B02B-83D19765FB0D}.Debug|Any CPU.ActiveCfg = Debug|Any CPU
		{50C88699-166F-433E-B02B-83D19765FB0D}.Debug|Any CPU.Build.0 = Debug|Any CPU
		{50C88699-166F-433E-B02B-83D19765FB0D}.Release|Any CPU.ActiveCfg = Release|Any CPU
		{50C88699-166F-433E-B02B-83D19765FB0D}.Release|Any CPU.Build.0 = Release|Any CPU
	EndGlobalSection
	GlobalSection(SolutionProperties) = preSolution
		HideSolutionNode = FALSE
	EndGlobalSection
	GlobalSection(ExtensibilityGlobals) = postSolution
		SolutionGuid = {80568741-1C38-4A2F-84A1-AA20378DAB11}
	EndGlobalSection
EndGlobal
