
Microsoft Visual Studio Solution File, Format Version 12.00
# Visual Studio 15
VisualStudioVersion = 15.0.27004.2009
MinimumVisualStudioVersion = 10.0.40219.1
Project("{FAE04EC0-301F-11D3-BF4B-00C04F79EFBC}") = "section2-7", "section2-7\section2-7.csproj", "{5FAE590A-26FF-40BC-910C-B0CDF15597AA}"
EndProject
Global
	GlobalSection(SolutionConfigurationPlatforms) = preSolution
		Debug|Any CPU = Debug|Any CPU
		Release|Any CPU = Release|Any CPU
	EndGlobalSection
	GlobalSection(ProjectConfigurationPlatforms) = postSolution
		{5FAE590A-26FF-40BC-910C-B0CDF15597AA}.Debug|Any CPU.ActiveCfg = Debug|Any CPU
		{5FAE590A-26FF-40BC-910C-B0CDF15597AA}.Debug|Any CPU.Build.0 = Debug|Any CPU
		{5FAE590A-26FF-40BC-910C-B0CDF15597AA}.Release|Any CPU.ActiveCfg = Release|Any CPU
		{5FAE590A-26FF-40BC-910C-B0CDF15597AA}.Release|Any CPU.Build.0 = Release|Any CPU
	EndGlobalSection
	GlobalSection(SolutionProperties) = preSolution
		HideSolutionNode = FALSE
	EndGlobalSection
	GlobalSection(ExtensibilityGlobals) = postSolution
		SolutionGuid = {F49694FC-7796-4468-86EF-C05285798CD9}
	EndGlobalSection
EndGlobal
