
Microsoft Visual Studio Solution File, Format Version 12.00
# Visual Studio 15
VisualStudioVersion = 15.0.27004.2009
MinimumVisualStudioVersion = 10.0.40219.1
Project("{FAE04EC0-301F-11D3-BF4B-00C04F79EFBC}") = "section2-8", "section2-8\section2-8.csproj", "{497AD9BB-02A6-4D8A-8940-82F3FE27CBD3}"
EndProject
Global
	GlobalSection(SolutionConfigurationPlatforms) = preSolution
		Debug|Any CPU = Debug|Any CPU
		Release|Any CPU = Release|Any CPU
	EndGlobalSection
	GlobalSection(ProjectConfigurationPlatforms) = postSolution
		{497AD9BB-02A6-4D8A-8940-82F3FE27CBD3}.Debug|Any CPU.ActiveCfg = Debug|Any CPU
		{497AD9BB-02A6-4D8A-8940-82F3FE27CBD3}.Debug|Any CPU.Build.0 = Debug|Any CPU
		{497AD9BB-02A6-4D8A-8940-82F3FE27CBD3}.Release|Any CPU.ActiveCfg = Release|Any CPU
		{497AD9BB-02A6-4D8A-8940-82F3FE27CBD3}.Release|Any CPU.Build.0 = Release|Any CPU
	EndGlobalSection
	GlobalSection(SolutionProperties) = preSolution
		HideSolutionNode = FALSE
	EndGlobalSection
	GlobalSection(ExtensibilityGlobals) = postSolution
		SolutionGuid = {41D8EF68-2254-4F76-97FB-A14941AD5DA7}
	EndGlobalSection
EndGlobal
