
Microsoft Visual Studio Solution File, Format Version 12.00
# Visual Studio 15
VisualStudioVersion = 15.0.27004.2009
MinimumVisualStudioVersion = 10.0.40219.1
Project("{FAE04EC0-301F-11D3-BF4B-00C04F79EFBC}") = "section5-28", "section5-28\section5-28.csproj", "{2AADCEC4-66C0-40EE-AAF9-6A92BD853CD1}"
EndProject
Global
	GlobalSection(SolutionConfigurationPlatforms) = preSolution
		Debug|Any CPU = Debug|Any CPU
		Release|Any CPU = Release|Any CPU
	EndGlobalSection
	GlobalSection(ProjectConfigurationPlatforms) = postSolution
		{2AADCEC4-66C0-40EE-AAF9-6A92BD853CD1}.Debug|Any CPU.ActiveCfg = Debug|Any CPU
		{2AADCEC4-66C0-40EE-AAF9-6A92BD853CD1}.Debug|Any CPU.Build.0 = Debug|Any CPU
		{2AADCEC4-66C0-40EE-AAF9-6A92BD853CD1}.Release|Any CPU.ActiveCfg = Release|Any CPU
		{2AADCEC4-66C0-40EE-AAF9-6A92BD853CD1}.Release|Any CPU.Build.0 = Release|Any CPU
	EndGlobalSection
	GlobalSection(SolutionProperties) = preSolution
		HideSolutionNode = FALSE
	EndGlobalSection
	GlobalSection(ExtensibilityGlobals) = postSolution
		SolutionGuid = {A9202BE7-7AAB-46B5-A201-056238C5D3F1}
	EndGlobalSection
EndGlobal
