
Microsoft Visual Studio Solution File, Format Version 12.00
# Visual Studio 15
VisualStudioVersion = 15.0.27004.2009
MinimumVisualStudioVersion = 10.0.40219.1
Project("{FAE04EC0-301F-11D3-BF4B-00C04F79EFBC}") = "section1-6", "section1-6\section1-6.csproj", "{AFE62966-09F3-47AC-9589-9D12EA7379E6}"
EndProject
Global
	GlobalSection(SolutionConfigurationPlatforms) = preSolution
		Debug|Any CPU = Debug|Any CPU
		Release|Any CPU = Release|Any CPU
	EndGlobalSection
	GlobalSection(ProjectConfigurationPlatforms) = postSolution
		{AFE62966-09F3-47AC-9589-9D12EA7379E6}.Debug|Any CPU.ActiveCfg = Debug|Any CPU
		{AFE62966-09F3-47AC-9589-9D12EA7379E6}.Debug|Any CPU.Build.0 = Debug|Any CPU
		{AFE62966-09F3-47AC-9589-9D12EA7379E6}.Release|Any CPU.ActiveCfg = Release|Any CPU
		{AFE62966-09F3-47AC-9589-9D12EA7379E6}.Release|Any CPU.Build.0 = Release|Any CPU
	EndGlobalSection
	GlobalSection(SolutionProperties) = preSolution
		HideSolutionNode = FALSE
	EndGlobalSection
	GlobalSection(ExtensibilityGlobals) = postSolution
		SolutionGuid = {81D44221-3FBF-4BA9-8675-9D7BC164AE96}
	EndGlobalSection
EndGlobal
